// !$*UTF8*$!
{
	archiveVersion = 1;
	classes = {
	};
	objectVersion = 55;
	objects = {

/* Begin PBXBuildFile section */
		F7A40A1128299C99002BF371 /* AppDelegate.swift in Sources */ = {isa = PBXBuildFile; fileRef = F7A40A1028299C99002BF371 /* AppDelegate.swift */; };
		F7A40A1328299C99002BF371 /* SceneDelegate.swift in Sources */ = {isa = PBXBuildFile; fileRef = F7A40A1228299C99002BF371 /* SceneDelegate.swift */; };
		F7A40A1528299C99002BF371 /* ViewController.swift in Sources */ = {isa = PBXBuildFile; fileRef = F7A40A1428299C99002BF371 /* ViewController.swift */; };
		F7A40A1828299C99002BF371 /* Main.storyboard in Resources */ = {isa = PBXBuildFile; fileRef = F7A40A1628299C99002BF371 /* Main.storyboard */; };
		F7A40A1B28299C99002BF371 /* test_zoluxiones.xcdatamodeld in Sources */ = {isa = PBXBuildFile; fileRef = F7A40A1928299C99002BF371 /* test_zoluxiones.xcdatamodeld */; };
		F7A40A1D28299C9A002BF371 /* Assets.xcassets in Resources */ = {isa = PBXBuildFile; fileRef = F7A40A1C28299C9A002BF371 /* Assets.xcassets */; };
		F7A40A2028299C9A002BF371 /* LaunchScreen.storyboard in Resources */ = {isa = PBXBuildFile; fileRef = F7A40A1E28299C9A002BF371 /* LaunchScreen.storyboard */; };
		F7A40A2B28299C9A002BF371 /* test_zoluxionesTests.swift in Sources */ = {isa = PBXBuildFile; fileRef = F7A40A2A28299C9A002BF371 /* test_zoluxionesTests.swift */; };
		F7A40A3528299C9A002BF371 /* test_zoluxionesUITests.swift in Sources */ = {isa = PBXBuildFile; fileRef = F7A40A3428299C9A002BF371 /* test_zoluxionesUITests.swift */; };
		F7A40A3728299C9A002BF371 /* test_zoluxionesUITestsLaunchTests.swift in Sources */ = {isa = PBXBuildFile; fileRef = F7A40A3628299C9A002BF371 /* test_zoluxionesUITestsLaunchTests.swift */; };
/* End PBXBuildFile section */

/* Begin PBXContainerItemProxy section */
		F7A40A2728299C9A002BF371 /* PBXContainerItemProxy */ = {
			isa = PBXContainerItemProxy;
			containerPortal = F7A40A0528299C99002BF371 /* Project object */;
			proxyType = 1;
			remoteGlobalIDString = F7A40A0C28299C99002BF371;
			remoteInfo = "test-zoluxiones";
		};
		F7A40A3128299C9A002BF371 /* PBXContainerItemProxy */ = {
			isa = PBXContainerItemProxy;
			containerPortal = F7A40A0528299C99002BF371 /* Project object */;
			proxyType = 1;
			remoteGlobalIDString = F7A40A0C28299C99002BF371;
			remoteInfo = "test-zoluxiones";
		};
/* End PBXContainerItemProxy section */

/* Begin PBXFileReference section */
		F7A40A0D28299C99002BF371 /* test-zoluxiones.app */ = {isa = PBXFileReference; explicitFileType = wrapper.application; includeInIndex = 0; path = "test-zoluxiones.app"; sourceTree = BUILT_PRODUCTS_DIR; };
		F7A40A1028299C99002BF371 /* AppDelegate.swift */ = {isa = PBXFileReference; lastKnownFileType = sourcecode.swift; path = AppDelegate.swift; sourceTree = "<group>"; };
		F7A40A1228299C99002BF371 /* SceneDelegate.swift */ = {isa = PBXFileReference; lastKnownFileType = sourcecode.swift; path = SceneDelegate.swift; sourceTree = "<group>"; };
		F7A40A1428299C99002BF371 /* ViewController.swift */ = {isa = PBXFileReference; lastKnownFileType = sourcecode.swift; path = ViewController.swift; sourceTree = "<group>"; };
		F7A40A1728299C99002BF371 /* Base */ = {isa = PBXFileReference; lastKnownFileType = file.storyboard; name = Base; path = Base.lproj/Main.storyboard; sourceTree = "<group>"; };
		F7A40A1A28299C99002BF371 /* test_zoluxiones.xcdatamodel */ = {isa = PBXFileReference; lastKnownFileType = wrapper.xcdatamodel; path = test_zoluxiones.xcdatamodel; sourceTree = "<group>"; };
		F7A40A1C28299C9A002BF371 /* Assets.xcassets */ = {isa = PBXFileReference; lastKnownFileType = folder.assetcatalog; path = Assets.xcassets; sourceTree = "<group>"; };
		F7A40A1F28299C9A002BF371 /* Base */ = {isa = PBXFileReference; lastKnownFileType = file.storyboard; name = Base; path = Base.lproj/LaunchScreen.storyboard; sourceTree = "<group>"; };
		F7A40A2128299C9A002BF371 /* Info.plist */ = {isa = PBXFileReference; lastKnownFileType = text.plist.xml; path = Info.plist; sourceTree = "<group>"; };
		F7A40A2628299C9A002BF371 /* test-zoluxionesTests.xctest */ = {isa = PBXFileReference; explicitFileType = wrapper.cfbundle; includeInIndex = 0; path = "test-zoluxionesTests.xctest"; sourceTree = BUILT_PRODUCTS_DIR; };
		F7A40A2A28299C9A002BF371 /* test_zoluxionesTests.swift */ = {isa = PBXFileReference; lastKnownFileType = sourcecode.swift; path = test_zoluxionesTests.swift; sourceTree = "<group>"; };
		F7A40A3028299C9A002BF371 /* test-zoluxionesUITests.xctest */ = {isa = PBXFileReference; explicitFileType = wrapper.cfbundle; includeInIndex = 0; path = "test-zoluxionesUITests.xctest"; sourceTree = BUILT_PRODUCTS_DIR; };
		F7A40A3428299C9A002BF371 /* test_zoluxionesUITests.swift */ = {isa = PBXFileReference; lastKnownFileType = sourcecode.swift; path = test_zoluxionesUITests.swift; sourceTree = "<group>"; };
		F7A40A3628299C9A002BF371 /* test_zoluxionesUITestsLaunchTests.swift */ = {isa = PBXFileReference; lastKnownFileType = sourcecode.swift; path = test_zoluxionesUITestsLaunchTests.swift; sourceTree = "<group>"; };
/* End PBXFileReference section */

/* Begin PBXFrameworksBuildPhase section */
		F7A40A0A28299C99002BF371 /* Frameworks */ = {
			isa = PBXFrameworksBuildPhase;
			buildActionMask = 2147483647;
			files = (
			);
			runOnlyForDeploymentPostprocessing = 0;
		};
		F7A40A2328299C9A002BF371 /* Frameworks */ = {
			isa = PBXFrameworksBuildPhase;
			buildActionMask = 2147483647;
			files = (
			);
			runOnlyForDeploymentPostprocessing = 0;
		};
		F7A40A2D28299C9A002BF371 /* Frameworks */ = {
			isa = PBXFrameworksBuildPhase;
			buildActionMask = 2147483647;
			files = (
			);
			runOnlyForDeploymentPostprocessing = 0;
		};
/* End PBXFrameworksBuildPhase section */

/* Begin PBXGroup section */
		F7A40A0428299C99002BF371 = {
			isa = PBXGroup;
			children = (
				F7A40A0F28299C99002BF371 /* test-zoluxiones */,
				F7A40A2928299C9A002BF371 /* test-zoluxionesTests */,
				F7A40A3328299C9A002BF371 /* test-zoluxionesUITests */,
				F7A40A0E28299C99002BF371 /* Products */,
			);
			sourceTree = "<group>";
		};
		F7A40A0E28299C99002BF371 /* Products */ = {
			isa = PBXGroup;
			children = (
				F7A40A0D28299C99002BF371 /* test-zoluxiones.app */,
				F7A40A2628299C9A002BF371 /* test-zoluxionesTests.xctest */,
				F7A40A3028299C9A002BF371 /* test-zoluxionesUITests.xctest */,
			);
			name = Products;
			sourceTree = "<group>";
		};
		F7A40A0F28299C99002BF371 /* test-zoluxiones */ = {
			isa = PBXGroup;
			children = (
				F7A40A1028299C99002BF371 /* AppDelegate.swift */,
				F7A40A1228299C99002BF371 /* SceneDelegate.swift */,
				F7A40A1428299C99002BF371 /* ViewController.swift */,
				F7A40A1628299C99002BF371 /* Main.storyboard */,
				F7A40A1C28299C9A002BF371 /* Assets.xcassets */,
				F7A40A1E28299C9A002BF371 /* LaunchScreen.storyboard */,
				F7A40A2128299C9A002BF371 /* Info.plist */,
				F7A40A1928299C99002BF371 /* test_zoluxiones.xcdatamodeld */,
			);
			path = "test-zoluxiones";
			sourceTree = "<group>";
		};
		F7A40A2928299C9A002BF371 /* test-zoluxionesTests */ = {
			isa = PBXGroup;
			children = (
				F7A40A2A28299C9A002BF371 /* test_zoluxionesTests.swift */,
			);
			path = "test-zoluxionesTests";
			sourceTree = "<group>";
		};
		F7A40A3328299C9A002BF371 /* test-zoluxionesUITests */ = {
			isa = PBXGroup;
			children = (
				F7A40A3428299C9A002BF371 /* test_zoluxionesUITests.swift */,
				F7A40A3628299C9A002BF371 /* test_zoluxionesUITestsLaunchTests.swift */,
			);
			path = "test-zoluxionesUITests";
			sourceTree = "<group>";
		};
/* End PBXGroup section */

/* Begin PBXNativeTarget section */
		F7A40A0C28299C99002BF371 /* test-zoluxiones */ = {
			isa = PBXNativeTarget;
			buildConfigurationList = F7A40A3A28299C9A002BF371 /* Build configuration list for PBXNativeTarget "test-zoluxiones" */;
			buildPhases = (
				F7A40A0928299C99002BF371 /* Sources */,
				F7A40A0A28299C99002BF371 /* Frameworks */,
				F7A40A0B28299C99002BF371 /* Resources */,
			);
			buildRules = (
			);
			dependencies = (
			);
			name = "test-zoluxiones";
			productName = "test-zoluxiones";
			productReference = F7A40A0D28299C99002BF371 /* test-zoluxiones.app */;
			productType = "com.apple.product-type.application";
		};
		F7A40A2528299C9A002BF371 /* test-zoluxionesTests */ = {
			isa = PBXNativeTarget;
			buildConfigurationList = F7A40A3D28299C9A002BF371 /* Build configuration list for PBXNativeTarget "test-zoluxionesTests" */;
			buildPhases = (
				F7A40A2228299C9A002BF371 /* Sources */,
				F7A40A2328299C9A002BF371 /* Frameworks */,
				F7A40A2428299C9A002BF371 /* Resources */,
			);
			buildRules = (
			);
			dependencies = (
				F7A40A2828299C9A002BF371 /* PBXTargetDependency */,
			);
			name = "test-zoluxionesTests";
			productName = "test-zoluxionesTests";
			productReference = F7A40A2628299C9A002BF371 /* test-zoluxionesTests.xctest */;
			productType = "com.apple.product-type.bundle.unit-test";
		};
		F7A40A2F28299C9A002BF371 /* test-zoluxionesUITests */ = {
			isa = PBXNativeTarget;
			buildConfigurationList = F7A40A4028299C9A002BF371 /* Build configuration list for PBXNativeTarget "test-zoluxionesUITests" */;
			buildPhases = (
				F7A40A2C28299C9A002BF371 /* Sources */,
				F7A40A2D28299C9A002BF371 /* Frameworks */,
				F7A40A2E28299C9A002BF371 /* Resources */,
			);
			buildRules = (
			);
			dependencies = (
				F7A40A3228299C9A002BF371 /* PBXTargetDependency */,
			);
			name = "test-zoluxionesUITests";
			productName = "test-zoluxionesUITests";
			productReference = F7A40A3028299C9A002BF371 /* test-zoluxionesUITests.xctest */;
			productType = "com.apple.product-type.bundle.ui-testing";
		};
/* End PBXNativeTarget section */

/* Begin PBXProject section */
		F7A40A0528299C99002BF371 /* Project object */ = {
			isa = PBXProject;
			attributes = {
				BuildIndependentTargetsInParallel = 1;
				LastSwiftUpdateCheck = 1330;
				LastUpgradeCheck = 1330;
				TargetAttributes = {
					F7A40A0C28299C99002BF371 = {
						CreatedOnToolsVersion = 13.3.1;
					};
					F7A40A2528299C9A002BF371 = {
						CreatedOnToolsVersion = 13.3.1;
						TestTargetID = F7A40A0C28299C99002BF371;
					};
					F7A40A2F28299C9A002BF371 = {
						CreatedOnToolsVersion = 13.3.1;
						TestTargetID = F7A40A0C28299C99002BF371;
					};
				};
			};
			buildConfigurationList = F7A40A0828299C99002BF371 /* Build configuration list for PBXProject "test-zoluxiones" */;
			compatibilityVersion = "Xcode 13.0";
			developmentRegion = en;
			hasScannedForEncodings = 0;
			knownRegions = (
				en,
				Base,
			);
			mainGroup = F7A40A0428299C99002BF371;
			productRefGroup = F7A40A0E28299C99002BF371 /* Products */;
			projectDirPath = "";
			projectRoot = "";
			targets = (
				F7A40A0C28299C99002BF371 /* test-zoluxiones */,
				F7A40A2528299C9A002BF371 /* test-zoluxionesTests */,
				F7A40A2F28299C9A002BF371 /* test-zoluxionesUITests */,
			);
		};
/* End PBXProject section */

/* Begin PBXResourcesBuildPhase section */
		F7A40A0B28299C99002BF371 /* Resources */ = {
			isa = PBXResourcesBuildPhase;
			buildActionMask = 2147483647;
			files = (
				F7A40A2028299C9A002BF371 /* LaunchScreen.storyboard in Resources */,
				F7A40A1D28299C9A002BF371 /* Assets.xcassets in Resources */,
				F7A40A1828299C99002BF371 /* Main.storyboard in Resources */,
			);
			runOnlyForDeploymentPostprocessing = 0;
		};
		F7A40A2428299C9A002BF371 /* Resources */ = {
			isa = PBXResourcesBuildPhase;
			buildActionMask = 2147483647;
			files = (
			);
			runOnlyForDeploymentPostprocessing = 0;
		};
		F7A40A2E28299C9A002BF371 /* Resources */ = {
			isa = PBXResourcesBuildPhase;
			buildActionMask = 2147483647;
			files = (
			);
			runOnlyForDeploymentPostprocessing = 0;
		};
/* End PBXResourcesBuildPhase section */

/* Begin PBXSourcesBuildPhase section */
		F7A40A0928299C99002BF371 /* Sources */ = {
			isa = PBXSourcesBuildPhase;
			buildActionMask = 2147483647;
			files = (
				F7A40A1528299C99002BF371 /* ViewController.swift in Sources */,
				F7A40A1128299C99002BF371 /* AppDelegate.swift in Sources */,
				F7A40A1328299C99002BF371 /* SceneDelegate.swift in Sources */,
				F7A40A1B28299C99002BF371 /* test_zoluxiones.xcdatamodeld in Sources */,
			);
			runOnlyForDeploymentPostprocessing = 0;
		};
		F7A40A2228299C9A002BF371 /* Sources */ = {
			isa = PBXSourcesBuildPhase;
			buildActionMask = 2147483647;
			files = (
				F7A40A2B28299C9A002BF371 /* test_zoluxionesTests.swift in Sources */,
			);
			runOnlyForDeploymentPostprocessing = 0;
		};
		F7A40A2C28299C9A002BF371 /* Sources */ = {
			isa = PBXSourcesBuildPhase;
			buildActionMask = 2147483647;
			files = (
				F7A40A3728299C9A002BF371 /* test_zoluxionesUITestsLaunchTests.swift in Sources */,
				F7A40A3528299C9A002BF371 /* test_zoluxionesUITests.swift in Sources */,
			);
			runOnlyForDeploymentPostprocessing = 0;
		};
/* End PBXSourcesBuildPhase section */

/* Begin PBXTargetDependency section */
		F7A40A2828299C9A002BF371 /* PBXTargetDependency */ = {
			isa = PBXTargetDependency;
			target = F7A40A0C28299C99002BF371 /* test-zoluxiones */;
			targetProxy = F7A40A2728299C9A002BF371 /* PBXContainerItemProxy */;
		};
		F7A40A3228299C9A002BF371 /* PBXTargetDependency */ = {
			isa = PBXTargetDependency;
			target = F7A40A0C28299C99002BF371 /* test-zoluxiones */;
			targetProxy = F7A40A3128299C9A002BF371 /* PBXContainerItemProxy */;
		};
/* End PBXTargetDependency section */

/* Begin PBXVariantGroup section */
		F7A40A1628299C99002BF371 /* Main.storyboard */ = {
			isa = PBXVariantGroup;
			children = (
				F7A40A1728299C99002BF371 /* Base */,
			);
			name = Main.storyboard;
			sourceTree = "<group>";
		};
		F7A40A1E28299C9A002BF371 /* LaunchScreen.storyboard */ = {
			isa = PBXVariantGroup;
			children = (
				F7A40A1F28299C9A002BF371 /* Base */,
			);
			name = LaunchScreen.storyboard;
			sourceTree = "<group>";
		};
/* End PBXVariantGroup section */

/* Begin XCBuildConfiguration section */
		F7A40A3828299C9A002BF371 /* Debug */ = {
			isa = XCBuildConfiguration;
			buildSettings = {
				ALWAYS_SEARCH_USER_PATHS = NO;
				CLANG_ANALYZER_NONNULL = YES;
				CLANG_ANALYZER_NUMBER_OBJECT_CONVERSION = YES_AGGRESSIVE;
				CLANG_CXX_LANGUAGE_STANDARD = "gnu++17";
				CLANG_ENABLE_MODULES = YES;
				CLANG_ENABLE_OBJC_ARC = YES;
				CLANG_ENABLE_OBJC_WEAK = YES;
				CLANG_WARN_BLOCK_CAPTURE_AUTORELEASING = YES;
				CLANG_WARN_BOOL_CONVERSION = YES;
				CLANG_WARN_COMMA = YES;
				CLANG_WARN_CONSTANT_CONVERSION = YES;
				CLANG_WARN_DEPRECATED_OBJC_IMPLEMENTATIONS = YES;
				CLANG_WARN_DIRECT_OBJC_ISA_USAGE = YES_ERROR;
				CLANG_WARN_DOCUMENTATION_COMMENTS = YES;
				CLANG_WARN_EMPTY_BODY = YES;
				CLANG_WARN_ENUM_CONVERSION = YES;
				CLANG_WARN_INFINITE_RECURSION = YES;
				CLANG_WARN_INT_CONVERSION = YES;
				CLANG_WARN_NON_LITERAL_NULL_CONVERSION = YES;
				CLANG_WARN_OBJC_IMPLICIT_RETAIN_SELF = YES;
				CLANG_WARN_OBJC_LITERAL_CONVERSION = YES;
				CLANG_WARN_OBJC_ROOT_CLASS = YES_ERROR;
				CLANG_WARN_QUOTED_INCLUDE_IN_FRAMEWORK_HEADER = YES;
				CLANG_WARN_RANGE_LOOP_ANALYSIS = YES;
				CLANG_WARN_STRICT_PROTOTYPES = YES;
				CLANG_WARN_SUSPICIOUS_MOVE = YES;
				CLANG_WARN_UNGUARDED_AVAILABILITY = YES_AGGRESSIVE;
				CLANG_WARN_UNREACHABLE_CODE = YES;
				CLANG_WARN__DUPLICATE_METHOD_MATCH = YES;
				COPY_PHASE_STRIP = NO;
				DEBUG_INFORMATION_FORMAT = dwarf;
				ENABLE_STRICT_OBJC_MSGSEND = YES;
				ENABLE_TESTABILITY = YES;
				GCC_C_LANGUAGE_STANDARD = gnu11;
				GCC_DYNAMIC_NO_PIC = NO;
				GCC_NO_COMMON_BLOCKS = YES;
				GCC_OPTIMIZATION_LEVEL = 0;
				GCC_PREPROCESSOR_DEFINITIONS = (
					"DEBUG=1",
					"$(inherited)",
				);
				GCC_WARN_64_TO_32_BIT_CONVERSION = YES;
				GCC_WARN_ABOUT_RETURN_TYPE = YES_ERROR;
				GCC_WARN_UNDECLARED_SELECTOR = YES;
				GCC_WARN_UNINITIALIZED_AUTOS = YES_AGGRESSIVE;
				GCC_WARN_UNUSED_FUNCTION = YES;
				GCC_WARN_UNUSED_VARIABLE = YES;
				IPHONEOS_DEPLOYMENT_TARGET = 15.4;
				MTL_ENABLE_DEBUG_INFO = INCLUDE_SOURCE;
				MTL_FAST_MATH = YES;
				ONLY_ACTIVE_ARCH = YES;
				SDKROOT = iphoneos;
				SWIFT_ACTIVE_COMPILATION_CONDITIONS = DEBUG;
				SWIFT_OPTIMIZATION_LEVEL = "-Onone";
			};
			name = Debug;
		};
		F7A40A3928299C9A002BF371 /* Release */ = {
			isa = XCBuildConfiguration;
			buildSettings = {
				ALWAYS_SEARCH_USER_PATHS = NO;
				CLANG_ANALYZER_NONNULL = YES;
				CLANG_ANALYZER_NUMBER_OBJECT_CONVERSION = YES_AGGRESSIVE;
				CLANG_CXX_LANGUAGE_STANDARD = "gnu++17";
				CLANG_ENABLE_MODULES = YES;
				CLANG_ENABLE_OBJC_ARC = YES;
				CLANG_ENABLE_OBJC_WEAK = YES;
				CLANG_WARN_BLOCK_CAPTURE_AUTORELEASING = YES;
				CLANG_WARN_BOOL_CONVERSION = YES;
				CLANG_WARN_COMMA = YES;
				CLANG_WARN_CONSTANT_CONVERSION = YES;
				CLANG_WARN_DEPRECATED_OBJC_IMPLEMENTATIONS = YES;
				CLANG_WARN_DIRECT_OBJC_ISA_USAGE = YES_ERROR;
				CLANG_WARN_DOCUMENTATION_COMMENTS = YES;
				CLANG_WARN_EMPTY_BODY = YES;
				CLANG_WARN_ENUM_CONVERSION = YES;
				CLANG_WARN_INFINITE_RECURSION = YES;
				CLANG_WARN_INT_CONVERSION = YES;
				CLANG_WARN_NON_LITERAL_NULL_CONVERSION = YES;
				CLANG_WARN_OBJC_IMPLICIT_RETAIN_SELF = YES;
				CLANG_WARN_OBJC_LITERAL_CONVERSION = YES;
				CLANG_WARN_OBJC_ROOT_CLASS = YES_ERROR;
				CLANG_WARN_QUOTED_INCLUDE_IN_FRAMEWORK_HEADER = YES;
				CLANG_WARN_RANGE_LOOP_ANALYSIS = YES;
				CLANG_WARN_STRICT_PROTOTYPES = YES;
				CLANG_WARN_SUSPICIOUS_MOVE = YES;
				CLANG_WARN_UNGUARDED_AVAILABILITY = YES_AGGRESSIVE;
				CLANG_WARN_UNREACHABLE_CODE = YES;
				CLANG_WARN__DUPLICATE_METHOD_MATCH = YES;
				COPY_PHASE_STRIP = NO;
				DEBUG_INFORMATION_FORMAT = "dwarf-with-dsym";
				ENABLE_NS_ASSERTIONS = NO;
				ENABLE_STRICT_OBJC_MSGSEND = YES;
				GCC_C_LANGUAGE_STANDARD = gnu11;
				GCC_NO_COMMON_BLOCKS = YES;
				GCC_WARN_64_TO_32_BIT_CONVERSION = YES;
				GCC_WARN_ABOUT_RETURN_TYPE = YES_ERROR;
				GCC_WARN_UNDECLARED_SELECTOR = YES;
				GCC_WARN_UNINITIALIZED_AUTOS = YES_AGGRESSIVE;
				GCC_WARN_UNUSED_FUNCTION = YES;
				GCC_WARN_UNUSED_VARIABLE = YES;
				IPHONEOS_DEPLOYMENT_TARGET = 15.4;
				MTL_ENABLE_DEBUG_INFO = NO;
				MTL_FAST_MATH = YES;
				SDKROOT = iphoneos;
				SWIFT_COMPILATION_MODE = wholemodule;
				SWIFT_OPTIMIZATION_LEVEL = "-O";
				VALIDATE_PRODUCT = YES;
			};
			name = Release;
		};
		F7A40A3B28299C9A002BF371 /* Debug */ = {
			isa = XCBuildConfiguration;
			buildSettings = {
				ASSETCATALOG_COMPILER_APPICON_NAME = AppIcon;
				ASSETCATALOG_COMPILER_GLOBAL_ACCENT_COLOR_NAME = AccentColor;
				CODE_SIGN_STYLE = Automatic;
				CURRENT_PROJECT_VERSION = 1;
				DEVELOPMENT_TEAM = X5NN5GF4LK;
				GENERATE_INFOPLIST_FILE = YES;
				INFOPLIST_FILE = "test-zoluxiones/Info.plist";
				INFOPLIST_KEY_UIApplicationSupportsIndirectInputEvents = YES;
				INFOPLIST_KEY_UILaunchStoryboardName = LaunchScreen;
				INFOPLIST_KEY_UIMainStoryboardFile = Main;
				INFOPLIST_KEY_UISupportedInterfaceOrientations_iPad = "UIInterfaceOrientationPortrait UIInterfaceOrientationPortraitUpsideDown UIInterfaceOrientationLandscapeLeft UIInterfaceOrientationLandscapeRight";
				INFOPLIST_KEY_UISupportedInterfaceOrientations_iPhone = "UIInterfaceOrientationPortrait UIInterfaceOrientationLandscapeLeft UIInterfaceOrientationLandscapeRight";
				LD_RUNPATH_SEARCH_PATHS = (
					"$(inherited)",
					"@executable_path/Frameworks",
				);
				MARKETING_VERSION = 1.0;
				PRODUCT_BUNDLE_IDENTIFIER = "io.kiwik.dev.test-zoluxiones";
				PRODUCT_NAME = "$(TARGET_NAME)";
				SWIFT_EMIT_LOC_STRINGS = YES;
				SWIFT_VERSION = 5.0;
				TARGETED_DEVICE_FAMILY = "1,2";
			};
			name = Debug;
		};
		F7A40A3C28299C9A002BF371 /* Release */ = {
			isa = XCBuildConfiguration;
			buildSettings = {
				ASSETCATALOG_COMPILER_APPICON_NAME = AppIcon;
				ASSETCATALOG_COMPILER_GLOBAL_ACCENT_COLOR_NAME = AccentColor;
				CODE_SIGN_STYLE = Automatic;
				CURRENT_PROJECT_VERSION = 1;
				DEVELOPMENT_TEAM = X5NN5GF4LK;
				GENERATE_INFOPLIST_FILE = YES;
				INFOPLIST_FILE = "test-zoluxiones/Info.plist";
				INFOPLIST_KEY_UIApplicationSupportsIndirectInputEvents = YES;
				INFOPLIST_KEY_UILaunchStoryboardName = LaunchScreen;
				INFOPLIST_KEY_UIMainStoryboardFile = Main;
				INFOPLIST_KEY_UISupportedInterfaceOrientations_iPad = "UIInterfaceOrientationPortrait UIInterfaceOrientationPortraitUpsideDown UIInterfaceOrientationLandscapeLeft UIInterfaceOrientationLandscapeRight";
				INFOPLIST_KEY_UISupportedInterfaceOrientations_iPhone = "UIInterfaceOrientationPortrait UIInterfaceOrientationLandscapeLeft UIInterfaceOrientationLandscapeRight";
				LD_RUNPATH_SEARCH_PATHS = (
					"$(inherited)",
					"@executable_path/Frameworks",
				);
				MARKETING_VERSION = 1.0;
				PRODUCT_BUNDLE_IDENTIFIER = "io.kiwik.dev.test-zoluxiones";
				PRODUCT_NAME = "$(TARGET_NAME)";
				SWIFT_EMIT_LOC_STRINGS = YES;
				SWIFT_VERSION = 5.0;
				TARGETED_DEVICE_FAMILY = "1,2";
			};
			name = Release;
		};
		F7A40A3E28299C9A002BF371 /* Debug */ = {
			isa = XCBuildConfiguration;
			buildSettings = {
				ALWAYS_EMBED_SWIFT_STANDARD_LIBRARIES = YES;
				BUNDLE_LOADER = "$(TEST_HOST)";
				CODE_SIGN_STYLE = Automatic;
				CURRENT_PROJECT_VERSION = 1;
				DEVELOPMENT_TEAM = X5NN5GF4LK;
				GENERATE_INFOPLIST_FILE = YES;
				IPHONEOS_DEPLOYMENT_TARGET = 15.4;
				MARKETING_VERSION = 1.0;
				PRODUCT_BUNDLE_IDENTIFIER = "io.kiwik.dev.test-zoluxionesTests";
				PRODUCT_NAME = "$(TARGET_NAME)";
				SWIFT_EMIT_LOC_STRINGS = NO;
				SWIFT_VERSION = 5.0;
				TARGETED_DEVICE_FAMILY = "1,2";
				TEST_HOST = "$(BUILT_PRODUCTS_DIR)/test-zoluxiones.app/test-zoluxiones";
			};
			name = Debug;
		};
		F7A40A3F28299C9A002BF371 /* Release */ = {
			isa = XCBuildConfiguration;
			buildSettings = {
				ALWAYS_EMBED_SWIFT_STANDARD_LIBRARIES = YES;
				BUNDLE_LOADER = "$(TEST_HOST)";
				CODE_SIGN_STYLE = Automatic;
				CURRENT_PROJECT_VERSION = 1;
				DEVELOPMENT_TEAM = X5NN5GF4LK;
				GENERATE_INFOPLIST_FILE = YES;
				IPHONEOS_DEPLOYMENT_TARGET = 15.4;
				MARKETING_VERSION = 1.0;
				PRODUCT_BUNDLE_IDENTIFIER = "io.kiwik.dev.test-zoluxionesTests";
				PRODUCT_NAME = "$(TARGET_NAME)";
				SWIFT_EMIT_LOC_STRINGS = NO;
				SWIFT_VERSION = 5.0;
				TARGETED_DEVICE_FAMILY = "1,2";
				TEST_HOST = "$(BUILT_PRODUCTS_DIR)/test-zoluxiones.app/test-zoluxiones";
			};
			name = Release;
		};
		F7A40A4128299C9A002BF371 /* Debug */ = {
			isa = XCBuildConfiguration;
			buildSettings = {
				ALWAYS_EMBED_SWIFT_STANDARD_LIBRARIES = YES;
				CODE_SIGN_STYLE = Automatic;
				CURRENT_PROJECT_VERSION = 1;
				DEVELOPMENT_TEAM = X5NN5GF4LK;
				GENERATE_INFOPLIST_FILE = YES;
				MARKETING_VERSION = 1.0;
				PRODUCT_BUNDLE_IDENTIFIER = "io.kiwik.dev.test-zoluxionesUITests";
				PRODUCT_NAME = "$(TARGET_NAME)";
				SWIFT_EMIT_LOC_STRINGS = NO;
				SWIFT_VERSION = 5.0;
				TARGETED_DEVICE_FAMILY = "1,2";
				TEST_TARGET_NAME = "test-zoluxiones";
			};
			name = Debug;
		};
		F7A40A4228299C9A002BF371 /* Release */ = {
			isa = XCBuildConfiguration;
			buildSettings = {
				ALWAYS_EMBED_SWIFT_STANDARD_LIBRARIES = YES;
				CODE_SIGN_STYLE = Automatic;
				CURRENT_PROJECT_VERSION = 1;
				DEVELOPMENT_TEAM = X5NN5GF4LK;
				GENERATE_INFOPLIST_FILE = YES;
				MARKETING_VERSION = 1.0;
				PRODUCT_BUNDLE_IDENTIFIER = "io.kiwik.dev.test-zoluxionesUITests";
				PRODUCT_NAME = "$(TARGET_NAME)";
				SWIFT_EMIT_LOC_STRINGS = NO;
				SWIFT_VERSION = 5.0;
				TARGETED_DEVICE_FAMILY = "1,2";
				TEST_TARGET_NAME = "test-zoluxiones";
			};
			name = Release;
		};
/* End XCBuildConfiguration section */

/* Begin XCConfigurationList section */
		F7A40A0828299C99002BF371 /* Build configuration list for PBXProject "test-zoluxiones" */ = {
			isa = XCConfigurationList;
			buildConfigurations = (
				F7A40A3828299C9A002BF371 /* Debug */,
				F7A40A3928299C9A002BF371 /* Release */,
			);
			defaultConfigurationIsVisible = 0;
			defaultConfigurationName = Release;
		};
		F7A40A3A28299C9A002BF371 /* Build configuration list for PBXNativeTarget "test-zoluxiones" */ = {
			isa = XCConfigurationList;
			buildConfigurations = (
				F7A40A3B28299C9A002BF371 /* Debug */,
				F7A40A3C28299C9A002BF371 /* Release */,
			);
			defaultConfigurationIsVisible = 0;
			defaultConfigurationName = Release;
		};
		F7A40A3D28299C9A002BF371 /* Build configuration list for PBXNativeTarget "test-zoluxionesTests" */ = {
			isa = XCConfigurationList;
			buildConfigurations = (
				F7A40A3E28299C9A002BF371 /* Debug */,
				F7A40A3F28299C9A002BF371 /* Release */,
			);
			defaultConfigurationIsVisible = 0;
			defaultConfigurationName = Release;
		};
		F7A40A4028299C9A002BF371 /* Build configuration list for PBXNativeTarget "test-zoluxionesUITests" */ = {
			isa = XCConfigurationList;
			buildConfigurations = (
				F7A40A4128299C9A002BF371 /* Debug */,
				F7A40A4228299C9A002BF371 /* Release */,
			);
			defaultConfigurationIsVisible = 0;
			defaultConfigurationName = Release;
		};
/* End XCConfigurationList section */

/* Begin XCVersionGroup section */
		F7A40A1928299C99002BF371 /* test_zoluxiones.xcdatamodeld */ = {
			isa = XCVersionGroup;
			children = (
				F7A40A1A28299C99002BF371 /* test_zoluxiones.xcdatamodel */,
			);
			currentVersion = F7A40A1A28299C99002BF371 /* test_zoluxiones.xcdatamodel */;
			path = test_zoluxiones.xcdatamodeld;
			sourceTree = "<group>";
			versionGroupType = wrapper.xcdatamodel;
		};
/* End XCVersionGroup section */
	};
	rootObject = F7A40A0528299C99002BF371 /* Project object */;
}
